
Microsoft Visual Studio Solution File, Format Version 12.00
# Visual Studio Version 17
VisualStudioVersion = 17.8.34316.72
MinimumVisualStudioVersion = 10.0.40219.1
Project("{9A19103F-16F7-4668-BE54-9A1E7A4F7556}") = "Turkish Talk", "Turkish Talk\Turkish Talk.csproj", "{B381971B-E85C-406C-9B99-776684918FA9}"
EndProject
Project("{9A19103F-16F7-4668-BE54-9A1E7A4F7556}") = "TurkishTalk.Persistance", "TurkishTalk.Persistance\TurkishTalk.Persistance.csproj", "{C7ADCFEE-EDC2-42D5-A450-88DBB7F71C41}"
EndProject
Project("{9A19103F-16F7-4668-BE54-9A1E7A4F7556}") = "ConsoleApp1", "ConsoleApp1\ConsoleApp1.csproj", "{802235FF-7EE1-4414-9F5F-9F7C939961CF}"
EndProject
Global
	GlobalSection(SolutionConfigurationPlatforms) = preSolution
		Debug|Any CPU = Debug|Any CPU
		Release|Any CPU = Release|Any CPU
	EndGlobalSection
	GlobalSection(ProjectConfigurationPlatforms) = postSolution
		{B381971B-E85C-406C-9B99-776684918FA9}.Debug|Any CPU.ActiveCfg = Debug|Any CPU
		{B381971B-E85C-406C-9B99-776684918FA9}.Debug|Any CPU.Build.0 = Debug|Any CPU
		{B381971B-E85C-406C-9B99-776684918FA9}.Release|Any CPU.ActiveCfg = Release|Any CPU
		{B381971B-E85C-406C-9B99-776684918FA9}.Release|Any CPU.Build.0 = Release|Any CPU
		{C7ADCFEE-EDC2-42D5-A450-88DBB7F71C41}.Debug|Any CPU.ActiveCfg = Debug|Any CPU
		{C7ADCFEE-EDC2-42D5-A450-88DBB7F71C41}.Debug|Any CPU.Build.0 = Debug|Any CPU
		{C7ADCFEE-EDC2-42D5-A450-88DBB7F71C41}.Release|Any CPU.ActiveCfg = Release|Any CPU
		{C7ADCFEE-EDC2-42D5-A450-88DBB7F71C41}.Release|Any CPU.Build.0 = Release|Any CPU
		{802235FF-7EE1-4414-9F5F-9F7C939961CF}.Debug|Any CPU.ActiveCfg = Debug|Any CPU
		{802235FF-7EE1-4414-9F5F-9F7C939961CF}.Debug|Any CPU.Build.0 = Debug|Any CPU
		{802235FF-7EE1-4414-9F5F-9F7C939961CF}.Release|Any CPU.ActiveCfg = Release|Any CPU
		{802235FF-7EE1-4414-9F5F-9F7C939961CF}.Release|Any CPU.Build.0 = Release|Any CPU
	EndGlobalSection
	GlobalSection(SolutionProperties) = preSolution
		HideSolutionNode = FALSE
	EndGlobalSection
	GlobalSection(ExtensibilityGlobals) = postSolution
		SolutionGuid = {CBBD3173-83AB-4B3C-A7F3-F2103A60F752}
	EndGlobalSection
EndGlobal
