
Microsoft Visual Studio Solution File, Format Version 12.00
# Visual Studio Version 17
VisualStudioVersion = 17.8.34309.116
MinimumVisualStudioVersion = 10.0.40219.1
Project("{9A19103F-16F7-4668-BE54-9A1E7A4F7556}") = "Turkish Talk", "Turkish Talk.csproj", "{742363E0-5BE2-434E-B996-F95111760F0C}"
EndProject
Project("{FAE04EC0-301F-11D3-BF4B-00C04F79EFBC}") = "TurkishTalk.Persistance", "..\TurkishTalk.Persistance\TurkishTalk.Persistance.csproj", "{9777CCDC-180B-47FF-AF21-D473B038EA4D}"
EndProject
Project("{FAE04EC0-301F-11D3-BF4B-00C04F79EFBC}") = "ConsoleApp1", "..\ConsoleApp1\ConsoleApp1.csproj", "{C61B357A-012C-474C-82AE-4558D53B903F}"
EndProject
Global
	GlobalSection(SolutionConfigurationPlatforms) = preSolution
		Debug|Any CPU = Debug|Any CPU
		Release|Any CPU = Release|Any CPU
	EndGlobalSection
	GlobalSection(ProjectConfigurationPlatforms) = postSolution
		{742363E0-5BE2-434E-B996-F95111760F0C}.Debug|Any CPU.ActiveCfg = Debug|Any CPU
		{742363E0-5BE2-434E-B996-F95111760F0C}.Debug|Any CPU.Build.0 = Debug|Any CPU
		{742363E0-5BE2-434E-B996-F95111760F0C}.Release|Any CPU.ActiveCfg = Release|Any CPU
		{742363E0-5BE2-434E-B996-F95111760F0C}.Release|Any CPU.Build.0 = Release|Any CPU
		{9777CCDC-180B-47FF-AF21-D473B038EA4D}.Debug|Any CPU.ActiveCfg = Debug|Any CPU
		{9777CCDC-180B-47FF-AF21-D473B038EA4D}.Debug|Any CPU.Build.0 = Debug|Any CPU
		{9777CCDC-180B-47FF-AF21-D473B038EA4D}.Release|Any CPU.ActiveCfg = Release|Any CPU
		{9777CCDC-180B-47FF-AF21-D473B038EA4D}.Release|Any CPU.Build.0 = Release|Any CPU
		{C61B357A-012C-474C-82AE-4558D53B903F}.Debug|Any CPU.ActiveCfg = Debug|Any CPU
		{C61B357A-012C-474C-82AE-4558D53B903F}.Debug|Any CPU.Build.0 = Debug|Any CPU
		{C61B357A-012C-474C-82AE-4558D53B903F}.Release|Any CPU.ActiveCfg = Release|Any CPU
		{C61B357A-012C-474C-82AE-4558D53B903F}.Release|Any CPU.Build.0 = Release|Any CPU
	EndGlobalSection
	GlobalSection(SolutionProperties) = preSolution
		HideSolutionNode = FALSE
	EndGlobalSection
	GlobalSection(ExtensibilityGlobals) = postSolution
		SolutionGuid = {2FA23C36-7DB5-41E8-A82E-407E82E0DEC0}
	EndGlobalSection
EndGlobal
